
Microsoft Visual Studio Solution File, Format Version 12.00
# Visual Studio Version 17
VisualStudioVersion = 17.13.35828.75
MinimumVisualStudioVersion = 10.0.40219.1
Project("{2150E333-8FDC-42A3-9474-1A3956D46DE8}") = "ApiGateways", "ApiGateways", "{02EA681E-C7D8-13C7-8484-4AC65E1B71E8}"
EndProject
Project("{2150E333-8FDC-42A3-9474-1A3956D46DE8}") = "BackendServices", "BackendServices", "{2FE430E9-1DB2-4E94-B557-F2B0A29907C3}"
EndProject
Project("{2150E333-8FDC-42A3-9474-1A3956D46DE8}") = "FrontendServices", "FrontendServices", "{F5212681-BFA5-4E78-AE55-4F678A1DD41B}"
EndProject
Project("{2150E333-8FDC-42A3-9474-1A3956D46DE8}") = "CatalogService", "CatalogService", "{1A8D0797-9AAE-4968-85EA-BC9239D7D230}"
EndProject
Project("{FAE04EC0-301F-11D3-BF4B-00C04F79EFBC}") = "CatalogSerrvice.Api", "BackendServices\CatalogService\CatelogSerrvice.Api\CatalogSerrvice.Api.csproj", "{6C9B232D-EFA6-4FCD-9446-1B8E9C2D00D7}"
EndProject
Project("{FAE04EC0-301F-11D3-BF4B-00C04F79EFBC}") = "CatalogService.Application", "BackendServices\CatalogService\CatalogService.Application\CatalogService.Application.csproj", "{276BAE40-B582-4375-B248-3E42166C25F0}"
EndProject
Project("{FAE04EC0-301F-11D3-BF4B-00C04F79EFBC}") = "CatalogService.Domain", "BackendServices\CatalogService\CatalogService.Domain\CatalogService.Domain.csproj", "{CBA979A8-1DB2-4662-B702-67D46D912937}"
EndProject
Project("{FAE04EC0-301F-11D3-BF4B-00C04F79EFBC}") = "CatalogService.Infrastructure", "BackendServices\CatalogService\CatalogService.Infrastructure\CatalogService.Infrastructure.csproj", "{2A157CE0-7927-4F59-A145-7D09E64450CC}"
EndProject
Project("{FAE04EC0-301F-11D3-BF4B-00C04F79EFBC}") = "OcelotApiGateway", "ApiGateways\OcelotApiGateway\OcelotApiGateway.csproj", "{98082A79-0DF0-4C64-9C4D-1D2A0E08D0E1}"
EndProject
Project("{FAE04EC0-301F-11D3-BF4B-00C04F79EFBC}") = "ReliZone.Web", "FrontendServices\ReliZone.Web\ReliZone.Web.csproj", "{3AECF020-F052-47E2-B28E-44447900478B}"
EndProject
Project("{FAE04EC0-301F-11D3-BF4B-00C04F79EFBC}") = "ReliZone.Support", "FrontendServices\ReliZone.Support\ReliZone.Support.csproj", "{4FC7AA35-962D-4495-A688-A19FF405D599}"
EndProject
Project("{2150E333-8FDC-42A3-9474-1A3956D46DE8}") = "AuthService", "AuthService", "{289E7842-B219-4303-AABA-3C207215A134}"
EndProject
Project("{FAE04EC0-301F-11D3-BF4B-00C04F79EFBC}") = "AuthService.Domain", "BackendServices\AuthService\AuthService.Domain\AuthService.Domain.csproj", "{A9F1ACCA-3484-4B84-A9BF-47C8E3E1355C}"
EndProject
Project("{FAE04EC0-301F-11D3-BF4B-00C04F79EFBC}") = "AuthService.Infrastructure", "BackendServices\AuthService\AuthService.Infrastructure\AuthService.Infrastructure.csproj", "{A7FAB937-EA54-46C9-ACDD-6BF81090244B}"
EndProject
Project("{FAE04EC0-301F-11D3-BF4B-00C04F79EFBC}") = "AuthService.Api", "BackendServices\AuthService\AuthService.Api\AuthService.Api.csproj", "{F95BB894-12E9-4AE0-95D7-9B208EE6063B}"
EndProject
Project("{FAE04EC0-301F-11D3-BF4B-00C04F79EFBC}") = "AuthService.Application", "BackendServices\AuthService\AuthService.Implementation\AuthService.Application.csproj", "{882D4C1F-173F-4A7B-8B98-679D4836DAD2}"
EndProject
Project("{2150E333-8FDC-42A3-9474-1A3956D46DE8}") = "CartService", "CartService", "{0C1E0D64-BCA2-431F-8EAB-4F15E52F698F}"
EndProject
Project("{2150E333-8FDC-42A3-9474-1A3956D46DE8}") = "PaymentService", "PaymentService", "{8DDFFC72-E2AA-4ACE-B4D3-130444D550EC}"
EndProject
Project("{FAE04EC0-301F-11D3-BF4B-00C04F79EFBC}") = "CartService.Domain", "BackendServices\CartService\CartService.Domain\CartService.Domain.csproj", "{2478EEBF-7FB0-4838-B2AE-FE47FCC0C5B4}"
EndProject
Project("{FAE04EC0-301F-11D3-BF4B-00C04F79EFBC}") = "CartService.Application", "BackendServices\CartService\CartService.Application\CartService.Application.csproj", "{6C546D72-E94B-4A6F-8872-A7102D1A8DB8}"
EndProject
Project("{FAE04EC0-301F-11D3-BF4B-00C04F79EFBC}") = "CartService.Infrastructure", "BackendServices\CartService\CartService.Infrastructure\CartService.Infrastructure.csproj", "{03B52AB8-EF82-4708-BE24-69F7653BDD2B}"
EndProject
Project("{FAE04EC0-301F-11D3-BF4B-00C04F79EFBC}") = "CartService.Api", "BackendServices\CartService\CartService.Api\CartService.Api.csproj", "{DACC185E-87AB-4AA5-AAD6-E8A32807B624}"
EndProject
Project("{FAE04EC0-301F-11D3-BF4B-00C04F79EFBC}") = "PaymentService.Api", "BackendServices\PaymentService\PaymentService.Api\PaymentService.Api.csproj", "{29E5127A-E58E-403D-B623-70A7BAA76D80}"
EndProject
Project("{FAE04EC0-301F-11D3-BF4B-00C04F79EFBC}") = "PaymentService.Application", "BackendServices\PaymentService\PaymentService.Application\PaymentService.Application.csproj", "{6BACA177-F58B-4264-95D6-0888F1EFF589}"
EndProject
Project("{FAE04EC0-301F-11D3-BF4B-00C04F79EFBC}") = "PaymentService.Domain", "BackendServices\PaymentService\PaymentService.Domain\PaymentService.Domain.csproj", "{35D5AD79-5CD8-458F-8AF6-B7E31FA22E4C}"
EndProject
Project("{FAE04EC0-301F-11D3-BF4B-00C04F79EFBC}") = "PaymentService.Infrastructure", "BackendServices\PaymentService\PaymentService.Infrastructure\PaymentService.Infrastructure.csproj", "{338B6C3B-5BF5-4016-A3B5-1D6EB2CEFD65}"
EndProject
Project("{FAE04EC0-301F-11D3-BF4B-00C04F79EFBC}") = "OrderService.Api", "BackendServices\OrderService\OrderService.Api\OrderService.Api.csproj", "{AA1B49E6-844B-41E2-92B8-07D2BCA03408}"
EndProject
Project("{2150E333-8FDC-42A3-9474-1A3956D46DE8}") = "OrderService", "OrderService", "{5E18EA2D-C01C-4170-B295-08B2B8FE6C1A}"
EndProject
Project("{FAE04EC0-301F-11D3-BF4B-00C04F79EFBC}") = "OrderService.Domain", "BackendServices\OrderService\OrderService.Domain\OrderService.Domain.csproj", "{E334E015-C3EA-4161-A774-5CF92FF12256}"
EndProject
Project("{FAE04EC0-301F-11D3-BF4B-00C04F79EFBC}") = "OrderService.Application", "BackendServices\OrderService\OrderService.Application\OrderService.Application.csproj", "{59C102CF-D894-436B-B63F-63054CC3DBCB}"
EndProject
Project("{FAE04EC0-301F-11D3-BF4B-00C04F79EFBC}") = "OrderService.Infrastructure", "BackendServices\OrderService\OrderService.Infrastructure\OrderService.Infrastructure.csproj", "{D6BAB352-F6B6-4B7C-9D76-67C0CD72ABEF}"
EndProject
Project("{2150E333-8FDC-42A3-9474-1A3956D46DE8}") = "StockService", "StockService", "{4F4F0041-789B-4177-9D08-AE35D288BF80}"
EndProject
Project("{FAE04EC0-301F-11D3-BF4B-00C04F79EFBC}") = "StockService.Domain", "BackendServices\StockService\StockService.Domain\StockService.Domain.csproj", "{4340A760-DC03-4DF1-8FA1-4A7BE485C735}"
EndProject
Project("{FAE04EC0-301F-11D3-BF4B-00C04F79EFBC}") = "StockService.Application", "BackendServices\StockService\StockService.Application\StockService.Application.csproj", "{971BE9ED-7C67-4BD1-A99C-8A119D39D739}"
EndProject
Project("{FAE04EC0-301F-11D3-BF4B-00C04F79EFBC}") = "StockService.Infrastructure", "BackendServices\StockService\StockService.Infrastructure\StockService.Infrastructure.csproj", "{9C193C66-F213-4BC5-8458-8BE3F54C5804}"
EndProject
Project("{FAE04EC0-301F-11D3-BF4B-00C04F79EFBC}") = "StockService.Api", "BackendServices\StockService\StockService.Api\StockService.Api.csproj", "{5A230805-7F4F-4F4A-A0CE-B76813DDDD57}"
EndProject
Project("{2150E333-8FDC-42A3-9474-1A3956D46DE8}") = "Common", "Common", "{DB75DFA5-4415-400D-AD58-02CFA258FC01}"
EndProject
Project("{FAE04EC0-301F-11D3-BF4B-00C04F79EFBC}") = "OrderStateMachine", "Common\OrderStateMachine\OrderStateMachine.csproj", "{08607131-6C4C-42B9-9AB6-1998CC2C9AAC}"
EndProject
Global
	GlobalSection(SolutionConfigurationPlatforms) = preSolution
		Debug|Any CPU = Debug|Any CPU
		Release|Any CPU = Release|Any CPU
	EndGlobalSection
	GlobalSection(ProjectConfigurationPlatforms) = postSolution
		{6C9B232D-EFA6-4FCD-9446-1B8E9C2D00D7}.Debug|Any CPU.ActiveCfg = Debug|Any CPU
		{6C9B232D-EFA6-4FCD-9446-1B8E9C2D00D7}.Debug|Any CPU.Build.0 = Debug|Any CPU
		{6C9B232D-EFA6-4FCD-9446-1B8E9C2D00D7}.Release|Any CPU.ActiveCfg = Release|Any CPU
		{6C9B232D-EFA6-4FCD-9446-1B8E9C2D00D7}.Release|Any CPU.Build.0 = Release|Any CPU
		{276BAE40-B582-4375-B248-3E42166C25F0}.Debug|Any CPU.ActiveCfg = Debug|Any CPU
		{276BAE40-B582-4375-B248-3E42166C25F0}.Debug|Any CPU.Build.0 = Debug|Any CPU
		{276BAE40-B582-4375-B248-3E42166C25F0}.Release|Any CPU.ActiveCfg = Release|Any CPU
		{276BAE40-B582-4375-B248-3E42166C25F0}.Release|Any CPU.Build.0 = Release|Any CPU
		{CBA979A8-1DB2-4662-B702-67D46D912937}.Debug|Any CPU.ActiveCfg = Debug|Any CPU
		{CBA979A8-1DB2-4662-B702-67D46D912937}.Debug|Any CPU.Build.0 = Debug|Any CPU
		{CBA979A8-1DB2-4662-B702-67D46D912937}.Release|Any CPU.ActiveCfg = Release|Any CPU
		{CBA979A8-1DB2-4662-B702-67D46D912937}.Release|Any CPU.Build.0 = Release|Any CPU
		{2A157CE0-7927-4F59-A145-7D09E64450CC}.Debug|Any CPU.ActiveCfg = Debug|Any CPU
		{2A157CE0-7927-4F59-A145-7D09E64450CC}.Debug|Any CPU.Build.0 = Debug|Any CPU
		{2A157CE0-7927-4F59-A145-7D09E64450CC}.Release|Any CPU.ActiveCfg = Release|Any CPU
		{2A157CE0-7927-4F59-A145-7D09E64450CC}.Release|Any CPU.Build.0 = Release|Any CPU
		{98082A79-0DF0-4C64-9C4D-1D2A0E08D0E1}.Debug|Any CPU.ActiveCfg = Debug|Any CPU
		{98082A79-0DF0-4C64-9C4D-1D2A0E08D0E1}.Debug|Any CPU.Build.0 = Debug|Any CPU
		{98082A79-0DF0-4C64-9C4D-1D2A0E08D0E1}.Release|Any CPU.ActiveCfg = Release|Any CPU
		{98082A79-0DF0-4C64-9C4D-1D2A0E08D0E1}.Release|Any CPU.Build.0 = Release|Any CPU
		{3AECF020-F052-47E2-B28E-44447900478B}.Debug|Any CPU.ActiveCfg = Debug|Any CPU
		{3AECF020-F052-47E2-B28E-44447900478B}.Debug|Any CPU.Build.0 = Debug|Any CPU
		{3AECF020-F052-47E2-B28E-44447900478B}.Release|Any CPU.ActiveCfg = Release|Any CPU
		{3AECF020-F052-47E2-B28E-44447900478B}.Release|Any CPU.Build.0 = Release|Any CPU
		{4FC7AA35-962D-4495-A688-A19FF405D599}.Debug|Any CPU.ActiveCfg = Debug|Any CPU
		{4FC7AA35-962D-4495-A688-A19FF405D599}.Debug|Any CPU.Build.0 = Debug|Any CPU
		{4FC7AA35-962D-4495-A688-A19FF405D599}.Release|Any CPU.ActiveCfg = Release|Any CPU
		{4FC7AA35-962D-4495-A688-A19FF405D599}.Release|Any CPU.Build.0 = Release|Any CPU
		{A9F1ACCA-3484-4B84-A9BF-47C8E3E1355C}.Debug|Any CPU.ActiveCfg = Debug|Any CPU
		{A9F1ACCA-3484-4B84-A9BF-47C8E3E1355C}.Debug|Any CPU.Build.0 = Debug|Any CPU
		{A9F1ACCA-3484-4B84-A9BF-47C8E3E1355C}.Release|Any CPU.ActiveCfg = Release|Any CPU
		{A9F1ACCA-3484-4B84-A9BF-47C8E3E1355C}.Release|Any CPU.Build.0 = Release|Any CPU
		{A7FAB937-EA54-46C9-ACDD-6BF81090244B}.Debug|Any CPU.ActiveCfg = Debug|Any CPU
		{A7FAB937-EA54-46C9-ACDD-6BF81090244B}.Debug|Any CPU.Build.0 = Debug|Any CPU
		{A7FAB937-EA54-46C9-ACDD-6BF81090244B}.Release|Any CPU.ActiveCfg = Release|Any CPU
		{A7FAB937-EA54-46C9-ACDD-6BF81090244B}.Release|Any CPU.Build.0 = Release|Any CPU
		{F95BB894-12E9-4AE0-95D7-9B208EE6063B}.Debug|Any CPU.ActiveCfg = Debug|Any CPU
		{F95BB894-12E9-4AE0-95D7-9B208EE6063B}.Debug|Any CPU.Build.0 = Debug|Any CPU
		{F95BB894-12E9-4AE0-95D7-9B208EE6063B}.Release|Any CPU.ActiveCfg = Release|Any CPU
		{F95BB894-12E9-4AE0-95D7-9B208EE6063B}.Release|Any CPU.Build.0 = Release|Any CPU
		{882D4C1F-173F-4A7B-8B98-679D4836DAD2}.Debug|Any CPU.ActiveCfg = Debug|Any CPU
		{882D4C1F-173F-4A7B-8B98-679D4836DAD2}.Debug|Any CPU.Build.0 = Debug|Any CPU
		{882D4C1F-173F-4A7B-8B98-679D4836DAD2}.Release|Any CPU.ActiveCfg = Release|Any CPU
		{882D4C1F-173F-4A7B-8B98-679D4836DAD2}.Release|Any CPU.Build.0 = Release|Any CPU
		{2478EEBF-7FB0-4838-B2AE-FE47FCC0C5B4}.Debug|Any CPU.ActiveCfg = Debug|Any CPU
		{2478EEBF-7FB0-4838-B2AE-FE47FCC0C5B4}.Debug|Any CPU.Build.0 = Debug|Any CPU
		{2478EEBF-7FB0-4838-B2AE-FE47FCC0C5B4}.Release|Any CPU.ActiveCfg = Release|Any CPU
		{2478EEBF-7FB0-4838-B2AE-FE47FCC0C5B4}.Release|Any CPU.Build.0 = Release|Any CPU
		{6C546D72-E94B-4A6F-8872-A7102D1A8DB8}.Debug|Any CPU.ActiveCfg = Debug|Any CPU
		{6C546D72-E94B-4A6F-8872-A7102D1A8DB8}.Debug|Any CPU.Build.0 = Debug|Any CPU
		{6C546D72-E94B-4A6F-8872-A7102D1A8DB8}.Release|Any CPU.ActiveCfg = Release|Any CPU
		{6C546D72-E94B-4A6F-8872-A7102D1A8DB8}.Release|Any CPU.Build.0 = Release|Any CPU
		{03B52AB8-EF82-4708-BE24-69F7653BDD2B}.Debug|Any CPU.ActiveCfg = Debug|Any CPU
		{03B52AB8-EF82-4708-BE24-69F7653BDD2B}.Debug|Any CPU.Build.0 = Debug|Any CPU
		{03B52AB8-EF82-4708-BE24-69F7653BDD2B}.Release|Any CPU.ActiveCfg = Release|Any CPU
		{03B52AB8-EF82-4708-BE24-69F7653BDD2B}.Release|Any CPU.Build.0 = Release|Any CPU
		{DACC185E-87AB-4AA5-AAD6-E8A32807B624}.Debug|Any CPU.ActiveCfg = Debug|Any CPU
		{DACC185E-87AB-4AA5-AAD6-E8A32807B624}.Debug|Any CPU.Build.0 = Debug|Any CPU
		{DACC185E-87AB-4AA5-AAD6-E8A32807B624}.Release|Any CPU.ActiveCfg = Release|Any CPU
		{DACC185E-87AB-4AA5-AAD6-E8A32807B624}.Release|Any CPU.Build.0 = Release|Any CPU
		{29E5127A-E58E-403D-B623-70A7BAA76D80}.Debug|Any CPU.ActiveCfg = Debug|Any CPU
		{29E5127A-E58E-403D-B623-70A7BAA76D80}.Debug|Any CPU.Build.0 = Debug|Any CPU
		{29E5127A-E58E-403D-B623-70A7BAA76D80}.Release|Any CPU.ActiveCfg = Release|Any CPU
		{29E5127A-E58E-403D-B623-70A7BAA76D80}.Release|Any CPU.Build.0 = Release|Any CPU
		{6BACA177-F58B-4264-95D6-0888F1EFF589}.Debug|Any CPU.ActiveCfg = Debug|Any CPU
		{6BACA177-F58B-4264-95D6-0888F1EFF589}.Debug|Any CPU.Build.0 = Debug|Any CPU
		{6BACA177-F58B-4264-95D6-0888F1EFF589}.Release|Any CPU.ActiveCfg = Release|Any CPU
		{6BACA177-F58B-4264-95D6-0888F1EFF589}.Release|Any CPU.Build.0 = Release|Any CPU
		{35D5AD79-5CD8-458F-8AF6-B7E31FA22E4C}.Debug|Any CPU.ActiveCfg = Debug|Any CPU
		{35D5AD79-5CD8-458F-8AF6-B7E31FA22E4C}.Debug|Any CPU.Build.0 = Debug|Any CPU
		{35D5AD79-5CD8-458F-8AF6-B7E31FA22E4C}.Release|Any CPU.ActiveCfg = Release|Any CPU
		{35D5AD79-5CD8-458F-8AF6-B7E31FA22E4C}.Release|Any CPU.Build.0 = Release|Any CPU
		{338B6C3B-5BF5-4016-A3B5-1D6EB2CEFD65}.Debug|Any CPU.ActiveCfg = Debug|Any CPU
		{338B6C3B-5BF5-4016-A3B5-1D6EB2CEFD65}.Debug|Any CPU.Build.0 = Debug|Any CPU
		{338B6C3B-5BF5-4016-A3B5-1D6EB2CEFD65}.Release|Any CPU.ActiveCfg = Release|Any CPU
		{338B6C3B-5BF5-4016-A3B5-1D6EB2CEFD65}.Release|Any CPU.Build.0 = Release|Any CPU
		{AA1B49E6-844B-41E2-92B8-07D2BCA03408}.Debug|Any CPU.ActiveCfg = Debug|Any CPU
		{AA1B49E6-844B-41E2-92B8-07D2BCA03408}.Debug|Any CPU.Build.0 = Debug|Any CPU
		{AA1B49E6-844B-41E2-92B8-07D2BCA03408}.Release|Any CPU.ActiveCfg = Release|Any CPU
		{AA1B49E6-844B-41E2-92B8-07D2BCA03408}.Release|Any CPU.Build.0 = Release|Any CPU
		{E334E015-C3EA-4161-A774-5CF92FF12256}.Debug|Any CPU.ActiveCfg = Debug|Any CPU
		{E334E015-C3EA-4161-A774-5CF92FF12256}.Debug|Any CPU.Build.0 = Debug|Any CPU
		{E334E015-C3EA-4161-A774-5CF92FF12256}.Release|Any CPU.ActiveCfg = Release|Any CPU
		{E334E015-C3EA-4161-A774-5CF92FF12256}.Release|Any CPU.Build.0 = Release|Any CPU
		{59C102CF-D894-436B-B63F-63054CC3DBCB}.Debug|Any CPU.ActiveCfg = Debug|Any CPU
		{59C102CF-D894-436B-B63F-63054CC3DBCB}.Debug|Any CPU.Build.0 = Debug|Any CPU
		{59C102CF-D894-436B-B63F-63054CC3DBCB}.Release|Any CPU.ActiveCfg = Release|Any CPU
		{59C102CF-D894-436B-B63F-63054CC3DBCB}.Release|Any CPU.Build.0 = Release|Any CPU
		{D6BAB352-F6B6-4B7C-9D76-67C0CD72ABEF}.Debug|Any CPU.ActiveCfg = Debug|Any CPU
		{D6BAB352-F6B6-4B7C-9D76-67C0CD72ABEF}.Debug|Any CPU.Build.0 = Debug|Any CPU
		{D6BAB352-F6B6-4B7C-9D76-67C0CD72ABEF}.Release|Any CPU.ActiveCfg = Release|Any CPU
		{D6BAB352-F6B6-4B7C-9D76-67C0CD72ABEF}.Release|Any CPU.Build.0 = Release|Any CPU
		{4340A760-DC03-4DF1-8FA1-4A7BE485C735}.Debug|Any CPU.ActiveCfg = Debug|Any CPU
		{4340A760-DC03-4DF1-8FA1-4A7BE485C735}.Debug|Any CPU.Build.0 = Debug|Any CPU
		{4340A760-DC03-4DF1-8FA1-4A7BE485C735}.Release|Any CPU.ActiveCfg = Release|Any CPU
		{4340A760-DC03-4DF1-8FA1-4A7BE485C735}.Release|Any CPU.Build.0 = Release|Any CPU
		{971BE9ED-7C67-4BD1-A99C-8A119D39D739}.Debug|Any CPU.ActiveCfg = Debug|Any CPU
		{971BE9ED-7C67-4BD1-A99C-8A119D39D739}.Debug|Any CPU.Build.0 = Debug|Any CPU
		{971BE9ED-7C67-4BD1-A99C-8A119D39D739}.Release|Any CPU.ActiveCfg = Release|Any CPU
		{971BE9ED-7C67-4BD1-A99C-8A119D39D739}.Release|Any CPU.Build.0 = Release|Any CPU
		{9C193C66-F213-4BC5-8458-8BE3F54C5804}.Debug|Any CPU.ActiveCfg = Debug|Any CPU
		{9C193C66-F213-4BC5-8458-8BE3F54C5804}.Debug|Any CPU.Build.0 = Debug|Any CPU
		{9C193C66-F213-4BC5-8458-8BE3F54C5804}.Release|Any CPU.ActiveCfg = Release|Any CPU
		{9C193C66-F213-4BC5-8458-8BE3F54C5804}.Release|Any CPU.Build.0 = Release|Any CPU
		{5A230805-7F4F-4F4A-A0CE-B76813DDDD57}.Debug|Any CPU.ActiveCfg = Debug|Any CPU
		{5A230805-7F4F-4F4A-A0CE-B76813DDDD57}.Debug|Any CPU.Build.0 = Debug|Any CPU
		{5A230805-7F4F-4F4A-A0CE-B76813DDDD57}.Release|Any CPU.ActiveCfg = Release|Any CPU
		{5A230805-7F4F-4F4A-A0CE-B76813DDDD57}.Release|Any CPU.Build.0 = Release|Any CPU
		{08607131-6C4C-42B9-9AB6-1998CC2C9AAC}.Debug|Any CPU.ActiveCfg = Debug|Any CPU
		{08607131-6C4C-42B9-9AB6-1998CC2C9AAC}.Debug|Any CPU.Build.0 = Debug|Any CPU
		{08607131-6C4C-42B9-9AB6-1998CC2C9AAC}.Release|Any CPU.ActiveCfg = Release|Any CPU
		{08607131-6C4C-42B9-9AB6-1998CC2C9AAC}.Release|Any CPU.Build.0 = Release|Any CPU
	EndGlobalSection
	GlobalSection(SolutionProperties) = preSolution
		HideSolutionNode = FALSE
	EndGlobalSection
	GlobalSection(NestedProjects) = preSolution
		{1A8D0797-9AAE-4968-85EA-BC9239D7D230} = {2FE430E9-1DB2-4E94-B557-F2B0A29907C3}
		{6C9B232D-EFA6-4FCD-9446-1B8E9C2D00D7} = {1A8D0797-9AAE-4968-85EA-BC9239D7D230}
		{276BAE40-B582-4375-B248-3E42166C25F0} = {1A8D0797-9AAE-4968-85EA-BC9239D7D230}
		{CBA979A8-1DB2-4662-B702-67D46D912937} = {1A8D0797-9AAE-4968-85EA-BC9239D7D230}
		{2A157CE0-7927-4F59-A145-7D09E64450CC} = {1A8D0797-9AAE-4968-85EA-BC9239D7D230}
		{98082A79-0DF0-4C64-9C4D-1D2A0E08D0E1} = {02EA681E-C7D8-13C7-8484-4AC65E1B71E8}
		{3AECF020-F052-47E2-B28E-44447900478B} = {F5212681-BFA5-4E78-AE55-4F678A1DD41B}
		{4FC7AA35-962D-4495-A688-A19FF405D599} = {F5212681-BFA5-4E78-AE55-4F678A1DD41B}
		{289E7842-B219-4303-AABA-3C207215A134} = {2FE430E9-1DB2-4E94-B557-F2B0A29907C3}
		{A9F1ACCA-3484-4B84-A9BF-47C8E3E1355C} = {289E7842-B219-4303-AABA-3C207215A134}
		{A7FAB937-EA54-46C9-ACDD-6BF81090244B} = {289E7842-B219-4303-AABA-3C207215A134}
		{F95BB894-12E9-4AE0-95D7-9B208EE6063B} = {289E7842-B219-4303-AABA-3C207215A134}
		{882D4C1F-173F-4A7B-8B98-679D4836DAD2} = {289E7842-B219-4303-AABA-3C207215A134}
		{0C1E0D64-BCA2-431F-8EAB-4F15E52F698F} = {2FE430E9-1DB2-4E94-B557-F2B0A29907C3}
		{8DDFFC72-E2AA-4ACE-B4D3-130444D550EC} = {2FE430E9-1DB2-4E94-B557-F2B0A29907C3}
		{2478EEBF-7FB0-4838-B2AE-FE47FCC0C5B4} = {0C1E0D64-BCA2-431F-8EAB-4F15E52F698F}
		{6C546D72-E94B-4A6F-8872-A7102D1A8DB8} = {0C1E0D64-BCA2-431F-8EAB-4F15E52F698F}
		{03B52AB8-EF82-4708-BE24-69F7653BDD2B} = {0C1E0D64-BCA2-431F-8EAB-4F15E52F698F}
		{DACC185E-87AB-4AA5-AAD6-E8A32807B624} = {0C1E0D64-BCA2-431F-8EAB-4F15E52F698F}
		{29E5127A-E58E-403D-B623-70A7BAA76D80} = {8DDFFC72-E2AA-4ACE-B4D3-130444D550EC}
		{6BACA177-F58B-4264-95D6-0888F1EFF589} = {8DDFFC72-E2AA-4ACE-B4D3-130444D550EC}
		{35D5AD79-5CD8-458F-8AF6-B7E31FA22E4C} = {8DDFFC72-E2AA-4ACE-B4D3-130444D550EC}
		{338B6C3B-5BF5-4016-A3B5-1D6EB2CEFD65} = {8DDFFC72-E2AA-4ACE-B4D3-130444D550EC}
		{AA1B49E6-844B-41E2-92B8-07D2BCA03408} = {5E18EA2D-C01C-4170-B295-08B2B8FE6C1A}
		{5E18EA2D-C01C-4170-B295-08B2B8FE6C1A} = {2FE430E9-1DB2-4E94-B557-F2B0A29907C3}
		{E334E015-C3EA-4161-A774-5CF92FF12256} = {5E18EA2D-C01C-4170-B295-08B2B8FE6C1A}
		{59C102CF-D894-436B-B63F-63054CC3DBCB} = {5E18EA2D-C01C-4170-B295-08B2B8FE6C1A}
		{D6BAB352-F6B6-4B7C-9D76-67C0CD72ABEF} = {5E18EA2D-C01C-4170-B295-08B2B8FE6C1A}
		{4F4F0041-789B-4177-9D08-AE35D288BF80} = {2FE430E9-1DB2-4E94-B557-F2B0A29907C3}
		{4340A760-DC03-4DF1-8FA1-4A7BE485C735} = {4F4F0041-789B-4177-9D08-AE35D288BF80}
		{971BE9ED-7C67-4BD1-A99C-8A119D39D739} = {4F4F0041-789B-4177-9D08-AE35D288BF80}
		{9C193C66-F213-4BC5-8458-8BE3F54C5804} = {4F4F0041-789B-4177-9D08-AE35D288BF80}
		{5A230805-7F4F-4F4A-A0CE-B76813DDDD57} = {4F4F0041-789B-4177-9D08-AE35D288BF80}
		{08607131-6C4C-42B9-9AB6-1998CC2C9AAC} = {DB75DFA5-4415-400D-AD58-02CFA258FC01}
	EndGlobalSection
	GlobalSection(ExtensibilityGlobals) = postSolution
		SolutionGuid = {5D89154C-293A-438E-9E61-475FB90B2CB7}
	EndGlobalSection
EndGlobal
